
Microsoft Visual Studio Solution File, Format Version 12.00
# Visual Studio 15
VisualStudioVersion = 15.0.28307.757
MinimumVisualStudioVersion = 10.0.40219.1
Project("{9A19103F-16F7-4668-BE54-9A1E7A4F7556}") = "FirstTry", "FirstTry.csproj", "{1C06B1C4-03EF-4F55-A4E5-B3BC7EBE39CC}"
EndProject
Global
	GlobalSection(SolutionConfigurationPlatforms) = preSolution
		Debug|Any CPU = Debug|Any CPU
		Release|Any CPU = Release|Any CPU
	EndGlobalSection
	GlobalSection(ProjectConfigurationPlatforms) = postSolution
		{1C06B1C4-03EF-4F55-A4E5-B3BC7EBE39CC}.Debug|Any CPU.ActiveCfg = Debug|Any CPU
		{1C06B1C4-03EF-4F55-A4E5-B3BC7EBE39CC}.Debug|Any CPU.Build.0 = Debug|Any CPU
		{1C06B1C4-03EF-4F55-A4E5-B3BC7EBE39CC}.Release|Any CPU.ActiveCfg = Release|Any CPU
		{1C06B1C4-03EF-4F55-A4E5-B3BC7EBE39CC}.Release|Any CPU.Build.0 = Release|Any CPU
	EndGlobalSection
	GlobalSection(SolutionProperties) = preSolution
		HideSolutionNode = FALSE
	EndGlobalSection
	GlobalSection(ExtensibilityGlobals) = postSolution
		SolutionGuid = {57B1966C-7C96-4E03-A096-0ACE0260ECA9}
	EndGlobalSection
EndGlobal
